
Microsoft Visual Studio Solution File, Format Version 12.00
# Visual Studio 15
VisualStudioVersion = 15.0.26403.7
MinimumVisualStudioVersion = 10.0.40219.1
Project("{FAE04EC0-301F-11D3-BF4B-00C04F79EFBC}") = "FileWatcher", "FileWatcher\FileWatcher.csproj", "{8A4EDE2B-5E66-4988-B7A2-745558E41DB9}"
EndProject
Project("{FAE04EC0-301F-11D3-BF4B-00C04F79EFBC}") = "WatcherManager", "WatcherManager\WatcherManager.csproj", "{59DC19C7-9638-43E1-93E4-4FB6846E3180}"
EndProject
Project("{FAE04EC0-301F-11D3-BF4B-00C04F79EFBC}") = "WatcherManager.Core", "WatcherManager.Core\WatcherManager.Core.csproj", "{319CD110-05EE-4FCA-BDB8-3608A593E943}"
EndProject
Project("{FAE04EC0-301F-11D3-BF4B-00C04F79EFBC}") = "WatcherManager.Domain", "WatcherManager.Domain\WatcherManager.Domain.csproj", "{8154F22C-A20F-4C1A-B5D6-D93E02D621EE}"
EndProject
Project("{FAE04EC0-301F-11D3-BF4B-00C04F79EFBC}") = "WatcherManager.Infrastructure", "WatcherManager.Infrastructure\WatcherManager.Infrastructure.csproj", "{C8A55AC3-8FEF-4BB8-A257-2CB75D8A2A3D}"
EndProject
Global
	GlobalSection(SolutionConfigurationPlatforms) = preSolution
		Debug|Any CPU = Debug|Any CPU
		Release|Any CPU = Release|Any CPU
	EndGlobalSection
	GlobalSection(ProjectConfigurationPlatforms) = postSolution
		{8A4EDE2B-5E66-4988-B7A2-745558E41DB9}.Debug|Any CPU.ActiveCfg = Debug|Any CPU
		{8A4EDE2B-5E66-4988-B7A2-745558E41DB9}.Debug|Any CPU.Build.0 = Debug|Any CPU
		{8A4EDE2B-5E66-4988-B7A2-745558E41DB9}.Release|Any CPU.ActiveCfg = Release|Any CPU
		{8A4EDE2B-5E66-4988-B7A2-745558E41DB9}.Release|Any CPU.Build.0 = Release|Any CPU
		{59DC19C7-9638-43E1-93E4-4FB6846E3180}.Debug|Any CPU.ActiveCfg = Debug|Any CPU
		{59DC19C7-9638-43E1-93E4-4FB6846E3180}.Debug|Any CPU.Build.0 = Debug|Any CPU
		{59DC19C7-9638-43E1-93E4-4FB6846E3180}.Release|Any CPU.ActiveCfg = Release|Any CPU
		{59DC19C7-9638-43E1-93E4-4FB6846E3180}.Release|Any CPU.Build.0 = Release|Any CPU
		{319CD110-05EE-4FCA-BDB8-3608A593E943}.Debug|Any CPU.ActiveCfg = Debug|Any CPU
		{319CD110-05EE-4FCA-BDB8-3608A593E943}.Debug|Any CPU.Build.0 = Debug|Any CPU
		{319CD110-05EE-4FCA-BDB8-3608A593E943}.Release|Any CPU.ActiveCfg = Release|Any CPU
		{319CD110-05EE-4FCA-BDB8-3608A593E943}.Release|Any CPU.Build.0 = Release|Any CPU
		{8154F22C-A20F-4C1A-B5D6-D93E02D621EE}.Debug|Any CPU.ActiveCfg = Debug|Any CPU
		{8154F22C-A20F-4C1A-B5D6-D93E02D621EE}.Debug|Any CPU.Build.0 = Debug|Any CPU
		{8154F22C-A20F-4C1A-B5D6-D93E02D621EE}.Release|Any CPU.ActiveCfg = Release|Any CPU
		{8154F22C-A20F-4C1A-B5D6-D93E02D621EE}.Release|Any CPU.Build.0 = Release|Any CPU
		{C8A55AC3-8FEF-4BB8-A257-2CB75D8A2A3D}.Debug|Any CPU.ActiveCfg = Debug|Any CPU
		{C8A55AC3-8FEF-4BB8-A257-2CB75D8A2A3D}.Debug|Any CPU.Build.0 = Debug|Any CPU
		{C8A55AC3-8FEF-4BB8-A257-2CB75D8A2A3D}.Release|Any CPU.ActiveCfg = Release|Any CPU
		{C8A55AC3-8FEF-4BB8-A257-2CB75D8A2A3D}.Release|Any CPU.Build.0 = Release|Any CPU
	EndGlobalSection
	GlobalSection(SolutionProperties) = preSolution
		HideSolutionNode = FALSE
	EndGlobalSection
	GlobalSection(ExtensibilityGlobals) = postSolution
		SolutionGuid = {F035C082-5EF5-4A6B-86AB-AC73AD0655A9}
	EndGlobalSection
EndGlobal
