
Microsoft Visual Studio Solution File, Format Version 12.00
# Visual Studio Version 16
VisualStudioVersion = 16.0.30002.166
MinimumVisualStudioVersion = 10.0.40219.1
Project("{FAE04EC0-301F-11D3-BF4B-00C04F79EFBC}") = "FileWatcher.Service", "FileWatcher.Service\FileWatcher.Service.csproj", "{3BC3E997-46DB-457D-8F90-461E49DFBC31}"
EndProject
Global
	GlobalSection(SolutionConfigurationPlatforms) = preSolution
		Debug|Any CPU = Debug|Any CPU
		Release|Any CPU = Release|Any CPU
	EndGlobalSection
	GlobalSection(ProjectConfigurationPlatforms) = postSolution
		{3BC3E997-46DB-457D-8F90-461E49DFBC31}.Debug|Any CPU.ActiveCfg = Debug|Any CPU
		{3BC3E997-46DB-457D-8F90-461E49DFBC31}.Debug|Any CPU.Build.0 = Debug|Any CPU
		{3BC3E997-46DB-457D-8F90-461E49DFBC31}.Release|Any CPU.ActiveCfg = Release|Any CPU
		{3BC3E997-46DB-457D-8F90-461E49DFBC31}.Release|Any CPU.Build.0 = Release|Any CPU
	EndGlobalSection
	GlobalSection(SolutionProperties) = preSolution
		HideSolutionNode = FALSE
	EndGlobalSection
	GlobalSection(ExtensibilityGlobals) = postSolution
		SolutionGuid = {E0403362-0342-4D63-A982-5455AD166795}
	EndGlobalSection
EndGlobal
