
Microsoft Visual Studio Solution File, Format Version 12.00
# Visual Studio Version 16
VisualStudioVersion = 16.0.30002.166
MinimumVisualStudioVersion = 10.0.40219.1
Project("{9A19103F-16F7-4668-BE54-9A1E7A4F7556}") = "FileWatcher.Service", "FileWatcher.Service\FileWatcher.Service.csproj", "{3BC3E997-46DB-457D-8F90-461E49DFBC31}"
EndProject
Project("{9A19103F-16F7-4668-BE54-9A1E7A4F7556}") = "FileWatcher.Core", "FileWatcher.Core\FileWatcher.Core.csproj", "{97B98DCA-0DDE-4919-9D13-FD8D7680B8D0}"
EndProject
Project("{9A19103F-16F7-4668-BE54-9A1E7A4F7556}") = "FileWatcher.Abstracts", "FileWatcher.Abstracts\FileWatcher.Abstracts.csproj", "{CFB86000-29DF-47C7-A582-F42B1FBB644D}"
EndProject
Project("{9A19103F-16F7-4668-BE54-9A1E7A4F7556}") = "WinToastNotification", "FileWatcher.Core.MsgConsumers\WinToastNotification\WinToastNotification.csproj", "{F8C0682A-A02C-4691-9333-B17DB85EEA83}"
EndProject
Project("{2150E333-8FDC-42A3-9474-1A3956D46DE8}") = "FileWatcher.Core.MsgConsumers", "FileWatcher.Core.MsgConsumers", "{427851E9-1E22-4D35-B823-976BF6D2AA8B}"
EndProject
Project("{FAE04EC0-301F-11D3-BF4B-00C04F79EFBC}") = "WinToastNotification.Server", "FileWatcher.Core.MsgConsumers\WinToastNotification.Server\WinToastNotification.Server.csproj", "{022DB5F1-5A8A-4700-8C6B-1FAB8E88FD03}"
EndProject
Project("{2150E333-8FDC-42A3-9474-1A3956D46DE8}") = "Solution Items", "Solution Items", "{6DF66C87-26B9-4CE2-B881-48733AD6E77E}"
	ProjectSection(SolutionItems) = preProject
		.editorconfig = .editorconfig
	EndProjectSection
EndProject
Project("{FAE04EC0-301F-11D3-BF4B-00C04F79EFBC}") = "EmailNotification", "FileWatcher.Core.MsgConsumers\EmailNotification\EmailNotification.csproj", "{18008F3B-4797-4E78-9240-CE4DA2592E82}"
EndProject
Global
	GlobalSection(SolutionConfigurationPlatforms) = preSolution
		Debug|Any CPU = Debug|Any CPU
		Release|Any CPU = Release|Any CPU
	EndGlobalSection
	GlobalSection(ProjectConfigurationPlatforms) = postSolution
		{3BC3E997-46DB-457D-8F90-461E49DFBC31}.Debug|Any CPU.ActiveCfg = Debug|Any CPU
		{3BC3E997-46DB-457D-8F90-461E49DFBC31}.Debug|Any CPU.Build.0 = Debug|Any CPU
		{3BC3E997-46DB-457D-8F90-461E49DFBC31}.Release|Any CPU.ActiveCfg = Release|Any CPU
		{3BC3E997-46DB-457D-8F90-461E49DFBC31}.Release|Any CPU.Build.0 = Release|Any CPU
		{97B98DCA-0DDE-4919-9D13-FD8D7680B8D0}.Debug|Any CPU.ActiveCfg = Debug|Any CPU
		{97B98DCA-0DDE-4919-9D13-FD8D7680B8D0}.Debug|Any CPU.Build.0 = Debug|Any CPU
		{97B98DCA-0DDE-4919-9D13-FD8D7680B8D0}.Release|Any CPU.ActiveCfg = Release|Any CPU
		{97B98DCA-0DDE-4919-9D13-FD8D7680B8D0}.Release|Any CPU.Build.0 = Release|Any CPU
		{CFB86000-29DF-47C7-A582-F42B1FBB644D}.Debug|Any CPU.ActiveCfg = Debug|Any CPU
		{CFB86000-29DF-47C7-A582-F42B1FBB644D}.Debug|Any CPU.Build.0 = Debug|Any CPU
		{CFB86000-29DF-47C7-A582-F42B1FBB644D}.Release|Any CPU.ActiveCfg = Release|Any CPU
		{CFB86000-29DF-47C7-A582-F42B1FBB644D}.Release|Any CPU.Build.0 = Release|Any CPU
		{F8C0682A-A02C-4691-9333-B17DB85EEA83}.Debug|Any CPU.ActiveCfg = Debug|Any CPU
		{F8C0682A-A02C-4691-9333-B17DB85EEA83}.Debug|Any CPU.Build.0 = Debug|Any CPU
		{F8C0682A-A02C-4691-9333-B17DB85EEA83}.Release|Any CPU.ActiveCfg = Release|Any CPU
		{F8C0682A-A02C-4691-9333-B17DB85EEA83}.Release|Any CPU.Build.0 = Release|Any CPU
		{022DB5F1-5A8A-4700-8C6B-1FAB8E88FD03}.Debug|Any CPU.ActiveCfg = Debug|Any CPU
		{022DB5F1-5A8A-4700-8C6B-1FAB8E88FD03}.Debug|Any CPU.Build.0 = Debug|Any CPU
		{022DB5F1-5A8A-4700-8C6B-1FAB8E88FD03}.Release|Any CPU.ActiveCfg = Release|Any CPU
		{022DB5F1-5A8A-4700-8C6B-1FAB8E88FD03}.Release|Any CPU.Build.0 = Release|Any CPU
		{18008F3B-4797-4E78-9240-CE4DA2592E82}.Debug|Any CPU.ActiveCfg = Debug|Any CPU
		{18008F3B-4797-4E78-9240-CE4DA2592E82}.Debug|Any CPU.Build.0 = Debug|Any CPU
		{18008F3B-4797-4E78-9240-CE4DA2592E82}.Release|Any CPU.ActiveCfg = Release|Any CPU
		{18008F3B-4797-4E78-9240-CE4DA2592E82}.Release|Any CPU.Build.0 = Release|Any CPU
	EndGlobalSection
	GlobalSection(SolutionProperties) = preSolution
		HideSolutionNode = FALSE
	EndGlobalSection
	GlobalSection(NestedProjects) = preSolution
		{F8C0682A-A02C-4691-9333-B17DB85EEA83} = {427851E9-1E22-4D35-B823-976BF6D2AA8B}
		{022DB5F1-5A8A-4700-8C6B-1FAB8E88FD03} = {427851E9-1E22-4D35-B823-976BF6D2AA8B}
		{18008F3B-4797-4E78-9240-CE4DA2592E82} = {427851E9-1E22-4D35-B823-976BF6D2AA8B}
	EndGlobalSection
	GlobalSection(ExtensibilityGlobals) = postSolution
		SolutionGuid = {E0403362-0342-4D63-A982-5455AD166795}
	EndGlobalSection
EndGlobal
